
Microsoft Visual Studio Solution File, Format Version 12.00
# Visual Studio 15
VisualStudioVersion = 15.0.28307.489
MinimumVisualStudioVersion = 10.0.40219.1
Project("{8BC9CEB8-8B4A-11D0-8D11-00A0C91BC942}") = "Energy_Distribution", "Energy_Distribution\Energy_Distribution.vcxproj", "{86BD4117-0EEE-436E-BFC4-6AC1398606F9}"
EndProject
Global
	GlobalSection(SolutionConfigurationPlatforms) = preSolution
		Debug|ARM = Debug|ARM
		Debug|ARM64 = Debug|ARM64
		Debug|x64 = Debug|x64
		Debug|x86 = Debug|x86
		Release|ARM = Release|ARM
		Release|ARM64 = Release|ARM64
		Release|x64 = Release|x64
		Release|x86 = Release|x86
	EndGlobalSection
	GlobalSection(ProjectConfigurationPlatforms) = postSolution
		{86BD4117-0EEE-436E-BFC4-6AC1398606F9}.Debug|ARM.ActiveCfg = Debug|ARM
		{86BD4117-0EEE-436E-BFC4-6AC1398606F9}.Debug|ARM.Build.0 = Debug|ARM
		{86BD4117-0EEE-436E-BFC4-6AC1398606F9}.Debug|ARM64.ActiveCfg = Debug|ARM64
		{86BD4117-0EEE-436E-BFC4-6AC1398606F9}.Debug|ARM64.Build.0 = Debug|ARM64
		{86BD4117-0EEE-436E-BFC4-6AC1398606F9}.Debug|x64.ActiveCfg = Debug|x64
		{86BD4117-0EEE-436E-BFC4-6AC1398606F9}.Debug|x64.Build.0 = Debug|x64
		{86BD4117-0EEE-436E-BFC4-6AC1398606F9}.Debug|x86.ActiveCfg = Debug|x86
		{86BD4117-0EEE-436E-BFC4-6AC1398606F9}.Debug|x86.Build.0 = Debug|x86
		{86BD4117-0EEE-436E-BFC4-6AC1398606F9}.Release|ARM.ActiveCfg = Release|ARM
		{86BD4117-0EEE-436E-BFC4-6AC1398606F9}.Release|ARM.Build.0 = Release|ARM
		{86BD4117-0EEE-436E-BFC4-6AC1398606F9}.Release|ARM64.ActiveCfg = Release|ARM64
		{86BD4117-0EEE-436E-BFC4-6AC1398606F9}.Release|ARM64.Build.0 = Release|ARM64
		{86BD4117-0EEE-436E-BFC4-6AC1398606F9}.Release|x64.ActiveCfg = Release|x64
		{86BD4117-0EEE-436E-BFC4-6AC1398606F9}.Release|x64.Build.0 = Release|x64
		{86BD4117-0EEE-436E-BFC4-6AC1398606F9}.Release|x86.ActiveCfg = Release|x86
		{86BD4117-0EEE-436E-BFC4-6AC1398606F9}.Release|x86.Build.0 = Release|x86
	EndGlobalSection
	GlobalSection(SolutionProperties) = preSolution
		HideSolutionNode = FALSE
	EndGlobalSection
	GlobalSection(ExtensibilityGlobals) = postSolution
		SolutionGuid = {4CEF852D-81C0-4A99-B7CB-FADD18CCF04A}
	EndGlobalSection
EndGlobal
